// !$*UTF8*$!
{
	archiveVersion = 1;
	classes = {
	};
	objectVersion = 46;
	objects = {

/* Begin PBXBuildFile section */
		074786451B31FF0B00A98C87 /* AppDelegate.swift in Sources */ = {isa = PBXBuildFile; fileRef = 074786441B31FF0B00A98C87 /* AppDelegate.swift */; };
		0747864A1B31FF0B00A98C87 /* Main.storyboard in Resources */ = {isa = PBXBuildFile; fileRef = 074786481B31FF0B00A98C87 /* Main.storyboard */; };
		0747864C1B31FF0B00A98C87 /* Images.xcassets in Resources */ = {isa = PBXBuildFile; fileRef = 0747864B1B31FF0B00A98C87 /* Images.xcassets */; };
		0747864F1B31FF0B00A98C87 /* LaunchScreen.xib in Resources */ = {isa = PBXBuildFile; fileRef = 0747864D1B31FF0B00A98C87 /* LaunchScreen.xib */; };
		0747865B1B31FF0B00A98C87 /* HappinessTests.swift in Sources */ = {isa = PBXBuildFile; fileRef = 0747865A1B31FF0B00A98C87 /* HappinessTests.swift */; };
		074786651B31FF8F00A98C87 /* HappinessViewController.swift in Sources */ = {isa = PBXBuildFile; fileRef = 074786641B31FF8F00A98C87 /* HappinessViewController.swift */; };
		074786671B32006200A98C87 /* FaceView.swift in Sources */ = {isa = PBXBuildFile; fileRef = 074786661B32006200A98C87 /* FaceView.swift */; };
/* End PBXBuildFile section */

/* Begin PBXContainerItemProxy section */
		074786551B31FF0B00A98C87 /* PBXContainerItemProxy */ = {
			isa = PBXContainerItemProxy;
			containerPortal = 074786371B31FF0B00A98C87 /* Project object */;
			proxyType = 1;
			remoteGlobalIDString = 0747863E1B31FF0B00A98C87;
			remoteInfo = Happiness;
		};
/* End PBXContainerItemProxy section */

/* Begin PBXFileReference section */
		0747863F1B31FF0B00A98C87 /* Happiness.app */ = {isa = PBXFileReference; explicitFileType = wrapper.application; includeInIndex = 0; path = Happiness.app; sourceTree = BUILT_PRODUCTS_DIR; };
		074786431B31FF0B00A98C87 /* Info.plist */ = {isa = PBXFileReference; lastKnownFileType = text.plist.xml; path = Info.plist; sourceTree = "<group>"; };
		074786441B31FF0B00A98C87 /* AppDelegate.swift */ = {isa = PBXFileReference; lastKnownFileType = sourcecode.swift; path = AppDelegate.swift; sourceTree = "<group>"; };
		074786491B31FF0B00A98C87 /* Base */ = {isa = PBXFileReference; lastKnownFileType = file.storyboard; name = Base; path = Base.lproj/Main.storyboard; sourceTree = "<group>"; };
		0747864B1B31FF0B00A98C87 /* Images.xcassets */ = {isa = PBXFileReference; lastKnownFileType = folder.assetcatalog; path = Images.xcassets; sourceTree = "<group>"; };
		0747864E1B31FF0B00A98C87 /* Base */ = {isa = PBXFileReference; lastKnownFileType = file.xib; name = Base; path = Base.lproj/LaunchScreen.xib; sourceTree = "<group>"; };
		074786541B31FF0B00A98C87 /* HappinessTests.xctest */ = {isa = PBXFileReference; explicitFileType = wrapper.cfbundle; includeInIndex = 0; path = HappinessTests.xctest; sourceTree = BUILT_PRODUCTS_DIR; };
		074786591B31FF0B00A98C87 /* Info.plist */ = {isa = PBXFileReference; lastKnownFileType = text.plist.xml; path = Info.plist; sourceTree = "<group>"; };
		0747865A1B31FF0B00A98C87 /* HappinessTests.swift */ = {isa = PBXFileReference; lastKnownFileType = sourcecode.swift; path = HappinessTests.swift; sourceTree = "<group>"; };
		074786641B31FF8F00A98C87 /* HappinessViewController.swift */ = {isa = PBXFileReference; fileEncoding = 4; lastKnownFileType = sourcecode.swift; path = HappinessViewController.swift; sourceTree = "<group>"; };
		074786661B32006200A98C87 /* FaceView.swift */ = {isa = PBXFileReference; fileEncoding = 4; lastKnownFileType = sourcecode.swift; path = FaceView.swift; sourceTree = "<group>"; };
/* End PBXFileReference section */

/* Begin PBXFrameworksBuildPhase section */
		0747863C1B31FF0B00A98C87 /* Frameworks */ = {
			isa = PBXFrameworksBuildPhase;
			buildActionMask = 2147483647;
			files = (
			);
			runOnlyForDeploymentPostprocessing = 0;
		};
		074786511B31FF0B00A98C87 /* Frameworks */ = {
			isa = PBXFrameworksBuildPhase;
			buildActionMask = 2147483647;
			files = (
			);
			runOnlyForDeploymentPostprocessing = 0;
		};
/* End PBXFrameworksBuildPhase section */

/* Begin PBXGroup section */
		074786361B31FF0B00A98C87 = {
			isa = PBXGroup;
			children = (
				074786411B31FF0B00A98C87 /* Happiness */,
				074786571B31FF0B00A98C87 /* HappinessTests */,
				074786401B31FF0B00A98C87 /* Products */,
			);
			sourceTree = "<group>";
		};
		074786401B31FF0B00A98C87 /* Products */ = {
			isa = PBXGroup;
			children = (
				0747863F1B31FF0B00A98C87 /* Happiness.app */,
				074786541B31FF0B00A98C87 /* HappinessTests.xctest */,
			);
			name = Products;
			sourceTree = "<group>";
		};
		074786411B31FF0B00A98C87 /* Happiness */ = {
			isa = PBXGroup;
			children = (
				074786481B31FF0B00A98C87 /* Main.storyboard */,
				074786661B32006200A98C87 /* FaceView.swift */,
				074786641B31FF8F00A98C87 /* HappinessViewController.swift */,
				074786421B31FF0B00A98C87 /* Supporting Files */,
			);
			path = Happiness;
			sourceTree = "<group>";
		};
		074786421B31FF0B00A98C87 /* Supporting Files */ = {
			isa = PBXGroup;
			children = (
				074786441B31FF0B00A98C87 /* AppDelegate.swift */,
				0747864D1B31FF0B00A98C87 /* LaunchScreen.xib */,
				0747864B1B31FF0B00A98C87 /* Images.xcassets */,
				074786431B31FF0B00A98C87 /* Info.plist */,
			);
			name = "Supporting Files";
			sourceTree = "<group>";
		};
		074786571B31FF0B00A98C87 /* HappinessTests */ = {
			isa = PBXGroup;
			children = (
				0747865A1B31FF0B00A98C87 /* HappinessTests.swift */,
				074786581B31FF0B00A98C87 /* Supporting Files */,
			);
			path = HappinessTests;
			sourceTree = "<group>";
		};
		074786581B31FF0B00A98C87 /* Supporting Files */ = {
			isa = PBXGroup;
			children = (
				074786591B31FF0B00A98C87 /* Info.plist */,
			);
			name = "Supporting Files";
			sourceTree = "<group>";
		};
/* End PBXGroup section */

/* Begin PBXNativeTarget section */
		0747863E1B31FF0B00A98C87 /* Happiness */ = {
			isa = PBXNativeTarget;
			buildConfigurationList = 0747865E1B31FF0B00A98C87 /* Build configuration list for PBXNativeTarget "Happiness" */;
			buildPhases = (
				0747863B1B31FF0B00A98C87 /* Sources */,
				0747863C1B31FF0B00A98C87 /* Frameworks */,
				0747863D1B31FF0B00A98C87 /* Resources */,
			);
			buildRules = (
			);
			dependencies = (
			);
			name = Happiness;
			productName = Happiness;
			productReference = 0747863F1B31FF0B00A98C87 /* Happiness.app */;
			productType = "com.apple.product-type.application";
		};
		074786531B31FF0B00A98C87 /* HappinessTests */ = {
			isa = PBXNativeTarget;
			buildConfigurationList = 074786611B31FF0B00A98C87 /* Build configuration list for PBXNativeTarget "HappinessTests" */;
			buildPhases = (
				074786501B31FF0B00A98C87 /* Sources */,
				074786511B31FF0B00A98C87 /* Frameworks */,
				074786521B31FF0B00A98C87 /* Resources */,
			);
			buildRules = (
			);
			dependencies = (
				074786561B31FF0B00A98C87 /* PBXTargetDependency */,
			);
			name = HappinessTests;
			productName = HappinessTests;
			productReference = 074786541B31FF0B00A98C87 /* HappinessTests.xctest */;
			productType = "com.apple.product-type.bundle.unit-test";
		};
/* End PBXNativeTarget section */

/* Begin PBXProject section */
		074786371B31FF0B00A98C87 /* Project object */ = {
			isa = PBXProject;
			attributes = {
				LastUpgradeCheck = 0630;
				ORGANIZATIONNAME = AnyWayIGo;
				TargetAttributes = {
					0747863E1B31FF0B00A98C87 = {
						CreatedOnToolsVersion = 6.3.2;
					};
					074786531B31FF0B00A98C87 = {
						CreatedOnToolsVersion = 6.3.2;
						TestTargetID = 0747863E1B31FF0B00A98C87;
					};
				};
			};
			buildConfigurationList = 0747863A1B31FF0B00A98C87 /* Build configuration list for PBXProject "Happiness" */;
			compatibilityVersion = "Xcode 3.2";
			developmentRegion = English;
			hasScannedForEncodings = 0;
			knownRegions = (
				en,
				Base,
			);
			mainGroup = 074786361B31FF0B00A98C87;
			productRefGroup = 074786401B31FF0B00A98C87 /* Products */;
			projectDirPath = "";
			projectRoot = "";
			targets = (
				0747863E1B31FF0B00A98C87 /* Happiness */,
				074786531B31FF0B00A98C87 /* HappinessTests */,
			);
		};
/* End PBXProject section */

/* Begin PBXResourcesBuildPhase section */
		0747863D1B31FF0B00A98C87 /* Resources */ = {
			isa = PBXResourcesBuildPhase;
			buildActionMask = 2147483647;
			files = (
				0747864A1B31FF0B00A98C87 /* Main.storyboard in Resources */,
				0747864F1B31FF0B00A98C87 /* LaunchScreen.xib in Resources */,
				0747864C1B31FF0B00A98C87 /* Images.xcassets in Resources */,
			);
			runOnlyForDeploymentPostprocessing = 0;
		};
		074786521B31FF0B00A98C87 /* Resources */ = {
			isa = PBXResourcesBuildPhase;
			buildActionMask = 2147483647;
			files = (
			);
			runOnlyForDeploymentPostprocessing = 0;
		};
/* End PBXResourcesBuildPhase section */

/* Begin PBXSourcesBuildPhase section */
		0747863B1B31FF0B00A98C87 /* Sources */ = {
			isa = PBXSourcesBuildPhase;
			buildActionMask = 2147483647;
			files = (
				074786651B31FF8F00A98C87 /* HappinessViewController.swift in Sources */,
				074786451B31FF0B00A98C87 /* AppDelegate.swift in Sources */,
				074786671B32006200A98C87 /* FaceView.swift in Sources */,
			);
			runOnlyForDeploymentPostprocessing = 0;
		};
		074786501B31FF0B00A98C87 /* Sources */ = {
			isa = PBXSourcesBuildPhase;
			buildActionMask = 2147483647;
			files = (
				0747865B1B31FF0B00A98C87 /* HappinessTests.swift in Sources */,
			);
			runOnlyForDeploymentPostprocessing = 0;
		};
/* End PBXSourcesBuildPhase section */

/* Begin PBXTargetDependency section */
		074786561B31FF0B00A98C87 /* PBXTargetDependency */ = {
			isa = PBXTargetDependency;
			target = 0747863E1B31FF0B00A98C87 /* Happiness */;
			targetProxy = 074786551B31FF0B00A98C87 /* PBXContainerItemProxy */;
		};
/* End PBXTargetDependency section */

/* Begin PBXVariantGroup section */
		074786481B31FF0B00A98C87 /* Main.storyboard */ = {
			isa = PBXVariantGroup;
			children = (
				074786491B31FF0B00A98C87 /* Base */,
			);
			name = Main.storyboard;
			sourceTree = "<group>";
		};
		0747864D1B31FF0B00A98C87 /* LaunchScreen.xib */ = {
			isa = PBXVariantGroup;
			children = (
				0747864E1B31FF0B00A98C87 /* Base */,
			);
			name = LaunchScreen.xib;
			sourceTree = "<group>";
		};
/* End PBXVariantGroup section */

/* Begin XCBuildConfiguration section */
		0747865C1B31FF0B00A98C87 /* Debug */ = {
			isa = XCBuildConfiguration;
			buildSettings = {
				ALWAYS_SEARCH_USER_PATHS = NO;
				CLANG_CXX_LANGUAGE_STANDARD = "gnu++0x";
				CLANG_CXX_LIBRARY = "libc++";
				CLANG_ENABLE_MODULES = YES;
				CLANG_ENABLE_OBJC_ARC = YES;
				CLANG_WARN_BOOL_CONVERSION = YES;
				CLANG_WARN_CONSTANT_CONVERSION = YES;
				CLANG_WARN_DIRECT_OBJC_ISA_USAGE = YES_ERROR;
				CLANG_WARN_EMPTY_BODY = YES;
				CLANG_WARN_ENUM_CONVERSION = YES;
				CLANG_WARN_INT_CONVERSION = YES;
				CLANG_WARN_OBJC_ROOT_CLASS = YES_ERROR;
				CLANG_WARN_UNREACHABLE_CODE = YES;
				CLANG_WARN__DUPLICATE_METHOD_MATCH = YES;
				"CODE_SIGN_IDENTITY[sdk=iphoneos*]" = "iPhone Developer";
				COPY_PHASE_STRIP = NO;
				DEBUG_INFORMATION_FORMAT = "dwarf-with-dsym";
				ENABLE_STRICT_OBJC_MSGSEND = YES;
				GCC_C_LANGUAGE_STANDARD = gnu99;
				GCC_DYNAMIC_NO_PIC = NO;
				GCC_NO_COMMON_BLOCKS = YES;
				GCC_OPTIMIZATION_LEVEL = 0;
				GCC_PREPROCESSOR_DEFINITIONS = (
					"DEBUG=1",
					"$(inherited)",
				);
				GCC_SYMBOLS_PRIVATE_EXTERN = NO;
				GCC_WARN_64_TO_32_BIT_CONVERSION = YES;
				GCC_WARN_ABOUT_RETURN_TYPE = YES_ERROR;
				GCC_WARN_UNDECLARED_SELECTOR = YES;
				GCC_WARN_UNINITIALIZED_AUTOS = YES_AGGRESSIVE;
				GCC_WARN_UNUSED_FUNCTION = YES;
				GCC_WARN_UNUSED_VARIABLE = YES;
				IPHONEOS_DEPLOYMENT_TARGET = 8.3;
				MTL_ENABLE_DEBUG_INFO = YES;
				ONLY_ACTIVE_ARCH = YES;
				SDKROOT = iphoneos;
				SWIFT_OPTIMIZATION_LEVEL = "-Onone";
				TARGETED_DEVICE_FAMILY = "1,2";
			};
			name = Debug;
		};
		0747865D1B31FF0B00A98C87 /* Release */ = {
			isa = XCBuildConfiguration;
			buildSettings = {
				ALWAYS_SEARCH_USER_PATHS = NO;
				CLANG_CXX_LANGUAGE_STANDARD = "gnu++0x";
				CLANG_CXX_LIBRARY = "libc++";
				CLANG_ENABLE_MODULES = YES;
				CLANG_ENABLE_OBJC_ARC = YES;
				CLANG_WARN_BOOL_CONVERSION = YES;
				CLANG_WARN_CONSTANT_CONVERSION = YES;
				CLANG_WARN_DIRECT_OBJC_ISA_USAGE = YES_ERROR;
				CLANG_WARN_EMPTY_BODY = YES;
				CLANG_WARN_ENUM_CONVERSION = YES;
				CLANG_WARN_INT_CONVERSION = YES;
				CLANG_WARN_OBJC_ROOT_CLASS = YES_ERROR;
				CLANG_WARN_UNREACHABLE_CODE = YES;
				CLANG_WARN__DUPLICATE_METHOD_MATCH = YES;
				"CODE_SIGN_IDENTITY[sdk=iphoneos*]" = "iPhone Developer";
				COPY_PHASE_STRIP = NO;
				DEBUG_INFORMATION_FORMAT = "dwarf-with-dsym";
				ENABLE_NS_ASSERTIONS = NO;
				ENABLE_STRICT_OBJC_MSGSEND = YES;
				GCC_C_LANGUAGE_STANDARD = gnu99;
				GCC_NO_COMMON_BLOCKS = YES;
				GCC_WARN_64_TO_32_BIT_CONVERSION = YES;
				GCC_WARN_ABOUT_RETURN_TYPE = YES_ERROR;
				GCC_WARN_UNDECLARED_SELECTOR = YES;
				GCC_WARN_UNINITIALIZED_AUTOS = YES_AGGRESSIVE;
				GCC_WARN_UNUSED_FUNCTION = YES;
				GCC_WARN_UNUSED_VARIABLE = YES;
				IPHONEOS_DEPLOYMENT_TARGET = 8.3;
				MTL_ENABLE_DEBUG_INFO = NO;
				SDKROOT = iphoneos;
				TARGETED_DEVICE_FAMILY = "1,2";
				VALIDATE_PRODUCT = YES;
			};
			name = Release;
		};
		0747865F1B31FF0B00A98C87 /* Debug */ = {
			isa = XCBuildConfiguration;
			buildSettings = {
				ASSETCATALOG_COMPILER_APPICON_NAME = AppIcon;
				INFOPLIST_FILE = Happiness/Info.plist;
				LD_RUNPATH_SEARCH_PATHS = "$(inherited) @executable_path/Frameworks";
				PRODUCT_NAME = "$(TARGET_NAME)";
			};
			name = Debug;
		};
		074786601B31FF0B00A98C87 /* Release */ = {
			isa = XCBuildConfiguration;
			buildSettings = {
				ASSETCATALOG_COMPILER_APPICON_NAME = AppIcon;
				INFOPLIST_FILE = Happiness/Info.plist;
				LD_RUNPATH_SEARCH_PATHS = "$(inherited) @executable_path/Frameworks";
				PRODUCT_NAME = "$(TARGET_NAME)";
			};
			name = Release;
		};
		074786621B31FF0B00A98C87 /* Debug */ = {
			isa = XCBuildConfiguration;
			buildSettings = {
				BUNDLE_LOADER = "$(TEST_HOST)";
				FRAMEWORK_SEARCH_PATHS = (
					"$(SDKROOT)/Developer/Library/Frameworks",
					"$(inherited)",
				);
				GCC_PREPROCESSOR_DEFINITIONS = (
					"DEBUG=1",
					"$(inherited)",
				);
				INFOPLIST_FILE = HappinessTests/Info.plist;
				LD_RUNPATH_SEARCH_PATHS = "$(inherited) @executable_path/Frameworks @loader_path/Frameworks";
				PRODUCT_NAME = "$(TARGET_NAME)";
				TEST_HOST = "$(BUILT_PRODUCTS_DIR)/Happiness.app/Happiness";
			};
			name = Debug;
		};
		074786631B31FF0B00A98C87 /* Release */ = {
			isa = XCBuildConfiguration;
			buildSettings = {
				BUNDLE_LOADER = "$(TEST_HOST)";
				FRAMEWORK_SEARCH_PATHS = (
					"$(SDKROOT)/Developer/Library/Frameworks",
					"$(inherited)",
				);
				INFOPLIST_FILE = HappinessTests/Info.plist;
				LD_RUNPATH_SEARCH_PATHS = "$(inherited) @executable_path/Frameworks @loader_path/Frameworks";
				PRODUCT_NAME = "$(TARGET_NAME)";
				TEST_HOST = "$(BUILT_PRODUCTS_DIR)/Happiness.app/Happiness";
			};
			name = Release;
		};
/* End XCBuildConfiguration section */

/* Begin XCConfigurationList section */
		0747863A1B31FF0B00A98C87 /* Build configuration list for PBXProject "Happiness" */ = {
			isa = XCConfigurationList;
			buildConfigurations = (
				0747865C1B31FF0B00A98C87 /* Debug */,
				0747865D1B31FF0B00A98C87 /* Release */,
			);
			defaultConfigurationIsVisible = 0;
			defaultConfigurationName = Release;
		};
		0747865E1B31FF0B00A98C87 /* Build configuration list for PBXNativeTarget "Happiness" */ = {
			isa = XCConfigurationList;
			buildConfigurations = (
				0747865F1B31FF0B00A98C87 /* Debug */,
				074786601B31FF0B00A98C87 /* Release */,
			);
			defaultConfigurationIsVisible = 0;
		};
		074786611B31FF0B00A98C87 /* Build configuration list for PBXNativeTarget "HappinessTests" */ = {
			isa = XCConfigurationList;
			buildConfigurations = (
				074786621B31FF0B00A98C87 /* Debug */,
				074786631B31FF0B00A98C87 /* Release */,
			);
			defaultConfigurationIsVisible = 0;
		};
/* End XCConfigurationList section */
	};
	rootObject = 074786371B31FF0B00A98C87 /* Project object */;
}
